
Microsoft Visual Studio Solution File, Format Version 12.00
# Visual Studio Version 17
VisualStudioVersion = 17.5.33530.505
MinimumVisualStudioVersion = 10.0.40219.1
Project("{9A19103F-16F7-4668-BE54-9A1E7A4F7556}") = "DH2323_Project", "DH2323_Project\DH2323_Project.csproj", "{B803DD57-3BE4-43A5-B9CB-72552799FD8D}"
EndProject
Project("{9A19103F-16F7-4668-BE54-9A1E7A4F7556}") = "MeshBaker", "MeshBaker\MeshBaker.csproj", "{8B863D8A-1AD0-4FE3-974C-EC2431BEB598}"
EndProject
Global
	GlobalSection(SolutionConfigurationPlatforms) = preSolution
		Debug|Any CPU = Debug|Any CPU
		Release|Any CPU = Release|Any CPU
	EndGlobalSection
	GlobalSection(ProjectConfigurationPlatforms) = postSolution
		{B803DD57-3BE4-43A5-B9CB-72552799FD8D}.Debug|Any CPU.ActiveCfg = Debug|Any CPU
		{B803DD57-3BE4-43A5-B9CB-72552799FD8D}.Debug|Any CPU.Build.0 = Debug|Any CPU
		{B803DD57-3BE4-43A5-B9CB-72552799FD8D}.Release|Any CPU.ActiveCfg = Release|Any CPU
		{B803DD57-3BE4-43A5-B9CB-72552799FD8D}.Release|Any CPU.Build.0 = Release|Any CPU
		{8B863D8A-1AD0-4FE3-974C-EC2431BEB598}.Debug|Any CPU.ActiveCfg = Debug|Any CPU
		{8B863D8A-1AD0-4FE3-974C-EC2431BEB598}.Debug|Any CPU.Build.0 = Debug|Any CPU
		{8B863D8A-1AD0-4FE3-974C-EC2431BEB598}.Release|Any CPU.ActiveCfg = Release|Any CPU
		{8B863D8A-1AD0-4FE3-974C-EC2431BEB598}.Release|Any CPU.Build.0 = Release|Any CPU
	EndGlobalSection
	GlobalSection(SolutionProperties) = preSolution
		HideSolutionNode = FALSE
	EndGlobalSection
	GlobalSection(ExtensibilityGlobals) = postSolution
		SolutionGuid = {FA29C5B6-2424-429D-9155-9997151405AB}
	EndGlobalSection
EndGlobal
